
Microsoft Visual Studio Solution File, Format Version 12.00
# Visual Studio Version 16
VisualStudioVersion = 16.0.31911.196
MinimumVisualStudioVersion = 10.0.40219.1
Project("{FAE04EC0-301F-11D3-BF4B-00C04F79EFBC}") = "ConsoleApplicationsTDPC13", "ConsoleApplicationsTDPC13.csproj", "{79B92A5A-2F60-4EAF-8149-9961502D1DB6}"
EndProject
Global
	GlobalSection(SolutionConfigurationPlatforms) = preSolution
		Debug|Any CPU = Debug|Any CPU
		Release|Any CPU = Release|Any CPU
	EndGlobalSection
	GlobalSection(ProjectConfigurationPlatforms) = postSolution
		{79B92A5A-2F60-4EAF-8149-9961502D1DB6}.Debug|Any CPU.ActiveCfg = Debug|Any CPU
		{79B92A5A-2F60-4EAF-8149-9961502D1DB6}.Debug|Any CPU.Build.0 = Debug|Any CPU
		{79B92A5A-2F60-4EAF-8149-9961502D1DB6}.Release|Any CPU.ActiveCfg = Release|Any CPU
		{79B92A5A-2F60-4EAF-8149-9961502D1DB6}.Release|Any CPU.Build.0 = Release|Any CPU
	EndGlobalSection
	GlobalSection(SolutionProperties) = preSolution
		HideSolutionNode = FALSE
	EndGlobalSection
	GlobalSection(ExtensibilityGlobals) = postSolution
		SolutionGuid = {B36C7FFA-4BDB-4215-8F33-257996500693}
	EndGlobalSection
EndGlobal
